
Microsoft Visual Studio Solution File, Format Version 12.00
# Visual Studio Version 17
VisualStudioVersion = 17.11.35327.3
MinimumVisualStudioVersion = 10.0.40219.1
Project("{8BC9CEB8-8B4A-11D0-8D11-00A0C91BC942}") = "Cube", "Cube\Cube.vcxproj", "{7AC03775-D600-4935-9BE1-2A93CBA50AED}"
EndProject
Global
	GlobalSection(SolutionConfigurationPlatforms) = preSolution
		Debug|x64 = Debug|x64
		Debug|x86 = Debug|x86
		Release|x64 = Release|x64
		Release|x86 = Release|x86
	EndGlobalSection
	GlobalSection(ProjectConfigurationPlatforms) = postSolution
		{7AC03775-D600-4935-9BE1-2A93CBA50AED}.Debug|x64.ActiveCfg = Debug|x64
		{7AC03775-D600-4935-9BE1-2A93CBA50AED}.Debug|x64.Build.0 = Debug|x64
		{7AC03775-D600-4935-9BE1-2A93CBA50AED}.Debug|x86.ActiveCfg = Debug|Win32
		{7AC03775-D600-4935-9BE1-2A93CBA50AED}.Debug|x86.Build.0 = Debug|Win32
		{7AC03775-D600-4935-9BE1-2A93CBA50AED}.Release|x64.ActiveCfg = Release|x64
		{7AC03775-D600-4935-9BE1-2A93CBA50AED}.Release|x64.Build.0 = Release|x64
		{7AC03775-D600-4935-9BE1-2A93CBA50AED}.Release|x86.ActiveCfg = Release|Win32
		{7AC03775-D600-4935-9BE1-2A93CBA50AED}.Release|x86.Build.0 = Release|Win32
	EndGlobalSection
	GlobalSection(SolutionProperties) = preSolution
		HideSolutionNode = FALSE
	EndGlobalSection
	GlobalSection(ExtensibilityGlobals) = postSolution
		SolutionGuid = {C7CA46B4-BE3A-4490-B93F-4F62360AB65F}
	EndGlobalSection
EndGlobal
